
Microsoft Visual Studio Solution File, Format Version 12.00
# Visual Studio Version 16
VisualStudioVersion = 16.0.29006.145
MinimumVisualStudioVersion = 10.0.40219.1
Project("{9A19103F-16F7-4668-BE54-9A1E7A4F7556}") = "WpfCore30", "WpfCore30\WpfCore30.csproj", "{8A63A8B0-8DC8-443B-A0D7-FA690C71A758}"
EndProject
Project("{9A19103F-16F7-4668-BE54-9A1E7A4F7556}") = "SharedWpfLib", "SharedWpfLib\SharedWpfLib.csproj", "{26F041E7-7558-449B-B3D8-BA502B2D4CE8}"
EndProject
Project("{FAE04EC0-301F-11D3-BF4B-00C04F79EFBC}") = "WpfFramework48", "WpfFramework48\WpfFramework48.csproj", "{F5E92DDD-B429-474B-968F-C5B653523459}"
EndProject
Project("{2150E333-8FDC-42A3-9474-1A3956D46DE8}") = "Solution Items", "Solution Items", "{60C469EE-20DB-432E-A26D-A77D94817892}"
	ProjectSection(SolutionItems) = preProject
		README.md = README.md
	EndProjectSection
EndProject
Global
	GlobalSection(SolutionConfigurationPlatforms) = preSolution
		Debug|Any CPU = Debug|Any CPU
		Release|Any CPU = Release|Any CPU
	EndGlobalSection
	GlobalSection(ProjectConfigurationPlatforms) = postSolution
		{8A63A8B0-8DC8-443B-A0D7-FA690C71A758}.Debug|Any CPU.ActiveCfg = Debug|Any CPU
		{8A63A8B0-8DC8-443B-A0D7-FA690C71A758}.Debug|Any CPU.Build.0 = Debug|Any CPU
		{8A63A8B0-8DC8-443B-A0D7-FA690C71A758}.Release|Any CPU.ActiveCfg = Release|Any CPU
		{8A63A8B0-8DC8-443B-A0D7-FA690C71A758}.Release|Any CPU.Build.0 = Release|Any CPU
		{26F041E7-7558-449B-B3D8-BA502B2D4CE8}.Debug|Any CPU.ActiveCfg = Debug|Any CPU
		{26F041E7-7558-449B-B3D8-BA502B2D4CE8}.Debug|Any CPU.Build.0 = Debug|Any CPU
		{26F041E7-7558-449B-B3D8-BA502B2D4CE8}.Release|Any CPU.ActiveCfg = Release|Any CPU
		{26F041E7-7558-449B-B3D8-BA502B2D4CE8}.Release|Any CPU.Build.0 = Release|Any CPU
		{F5E92DDD-B429-474B-968F-C5B653523459}.Debug|Any CPU.ActiveCfg = Debug|Any CPU
		{F5E92DDD-B429-474B-968F-C5B653523459}.Debug|Any CPU.Build.0 = Debug|Any CPU
		{F5E92DDD-B429-474B-968F-C5B653523459}.Release|Any CPU.ActiveCfg = Release|Any CPU
		{F5E92DDD-B429-474B-968F-C5B653523459}.Release|Any CPU.Build.0 = Release|Any CPU
	EndGlobalSection
	GlobalSection(SolutionProperties) = preSolution
		HideSolutionNode = FALSE
	EndGlobalSection
	GlobalSection(ExtensibilityGlobals) = postSolution
		SolutionGuid = {C81F7574-FF70-41FF-A81D-5E327036975E}
	EndGlobalSection
EndGlobal
